
Microsoft Visual Studio Solution File, Format Version 12.00
# Visual Studio Version 17
VisualStudioVersion = 17.3.32922.545
MinimumVisualStudioVersion = 10.0.40219.1
Project("{FAE04EC0-301F-11D3-BF4B-00C04F79EFBC}") = "Activity4", "Activity4\Activity4.csproj", "{1309A702-A5E1-4448-ABAE-B50FD4D5A948}"
EndProject
Global
	GlobalSection(SolutionConfigurationPlatforms) = preSolution
		Debug|Any CPU = Debug|Any CPU
		Release|Any CPU = Release|Any CPU
	EndGlobalSection
	GlobalSection(ProjectConfigurationPlatforms) = postSolution
		{1309A702-A5E1-4448-ABAE-B50FD4D5A948}.Debug|Any CPU.ActiveCfg = Debug|Any CPU
		{1309A702-A5E1-4448-ABAE-B50FD4D5A948}.Debug|Any CPU.Build.0 = Debug|Any CPU
		{1309A702-A5E1-4448-ABAE-B50FD4D5A948}.Release|Any CPU.ActiveCfg = Release|Any CPU
		{1309A702-A5E1-4448-ABAE-B50FD4D5A948}.Release|Any CPU.Build.0 = Release|Any CPU
	EndGlobalSection
	GlobalSection(SolutionProperties) = preSolution
		HideSolutionNode = FALSE
	EndGlobalSection
	GlobalSection(ExtensibilityGlobals) = postSolution
		SolutionGuid = {90F69EC4-9122-4D2D-80C6-D7899E515A15}
	EndGlobalSection
EndGlobal
